
Microsoft Visual Studio Solution File, Format Version 12.00
# Visual Studio Version 16
VisualStudioVersion = 16.0.31025.194
MinimumVisualStudioVersion = 10.0.40219.1
Project("{FAE04EC0-301F-11D3-BF4B-00C04F79EFBC}") = "ex16", "ex16\ex16.csproj", "{0DF6BAC3-C76F-406A-83BE-3FD06952F9A3}"
EndProject
Global
	GlobalSection(SolutionConfigurationPlatforms) = preSolution
		Debug|Any CPU = Debug|Any CPU
		Release|Any CPU = Release|Any CPU
	EndGlobalSection
	GlobalSection(ProjectConfigurationPlatforms) = postSolution
		{0DF6BAC3-C76F-406A-83BE-3FD06952F9A3}.Debug|Any CPU.ActiveCfg = Debug|Any CPU
		{0DF6BAC3-C76F-406A-83BE-3FD06952F9A3}.Debug|Any CPU.Build.0 = Debug|Any CPU
		{0DF6BAC3-C76F-406A-83BE-3FD06952F9A3}.Release|Any CPU.ActiveCfg = Release|Any CPU
		{0DF6BAC3-C76F-406A-83BE-3FD06952F9A3}.Release|Any CPU.Build.0 = Release|Any CPU
	EndGlobalSection
	GlobalSection(SolutionProperties) = preSolution
		HideSolutionNode = FALSE
	EndGlobalSection
	GlobalSection(ExtensibilityGlobals) = postSolution
		SolutionGuid = {10012B70-B0AE-4EED-85B1-42D48BD36FBB}
	EndGlobalSection
EndGlobal
