
Microsoft Visual Studio Solution File, Format Version 12.00
# Visual Studio Version 16
VisualStudioVersion = 16.0.31025.194
MinimumVisualStudioVersion = 10.0.40219.1
Project("{FAE04EC0-301F-11D3-BF4B-00C04F79EFBC}") = "ex13", "ex13\ex13.csproj", "{B5F68953-A65F-4660-8B7C-1D544973C0CE}"
EndProject
Global
	GlobalSection(SolutionConfigurationPlatforms) = preSolution
		Debug|Any CPU = Debug|Any CPU
		Release|Any CPU = Release|Any CPU
	EndGlobalSection
	GlobalSection(ProjectConfigurationPlatforms) = postSolution
		{B5F68953-A65F-4660-8B7C-1D544973C0CE}.Debug|Any CPU.ActiveCfg = Debug|Any CPU
		{B5F68953-A65F-4660-8B7C-1D544973C0CE}.Debug|Any CPU.Build.0 = Debug|Any CPU
		{B5F68953-A65F-4660-8B7C-1D544973C0CE}.Release|Any CPU.ActiveCfg = Release|Any CPU
		{B5F68953-A65F-4660-8B7C-1D544973C0CE}.Release|Any CPU.Build.0 = Release|Any CPU
	EndGlobalSection
	GlobalSection(SolutionProperties) = preSolution
		HideSolutionNode = FALSE
	EndGlobalSection
	GlobalSection(ExtensibilityGlobals) = postSolution
		SolutionGuid = {1BE37A62-B0D8-4490-82C3-0D2D57C118CB}
	EndGlobalSection
EndGlobal
