
Microsoft Visual Studio Solution File, Format Version 12.00
# Visual Studio Version 16
VisualStudioVersion = 16.0.31025.194
MinimumVisualStudioVersion = 10.0.40219.1
Project("{FAE04EC0-301F-11D3-BF4B-00C04F79EFBC}") = "ex03", "ex03\ex03.csproj", "{99E21716-AC98-4EEA-B742-9FAD13153D9C}"
EndProject
Global
	GlobalSection(SolutionConfigurationPlatforms) = preSolution
		Debug|Any CPU = Debug|Any CPU
		Release|Any CPU = Release|Any CPU
	EndGlobalSection
	GlobalSection(ProjectConfigurationPlatforms) = postSolution
		{99E21716-AC98-4EEA-B742-9FAD13153D9C}.Debug|Any CPU.ActiveCfg = Debug|Any CPU
		{99E21716-AC98-4EEA-B742-9FAD13153D9C}.Debug|Any CPU.Build.0 = Debug|Any CPU
		{99E21716-AC98-4EEA-B742-9FAD13153D9C}.Release|Any CPU.ActiveCfg = Release|Any CPU
		{99E21716-AC98-4EEA-B742-9FAD13153D9C}.Release|Any CPU.Build.0 = Release|Any CPU
	EndGlobalSection
	GlobalSection(SolutionProperties) = preSolution
		HideSolutionNode = FALSE
	EndGlobalSection
	GlobalSection(ExtensibilityGlobals) = postSolution
		SolutionGuid = {159BED1F-B64A-410A-B664-FA5AAE917B9C}
	EndGlobalSection
EndGlobal
