
Microsoft Visual Studio Solution File, Format Version 12.00
# Visual Studio Version 16
VisualStudioVersion = 16.0.31025.194
MinimumVisualStudioVersion = 10.0.40219.1
Project("{FAE04EC0-301F-11D3-BF4B-00C04F79EFBC}") = "ex17", "ex17\ex17.csproj", "{FA0B00D1-45AC-44B3-86C6-9C5C6E5F0309}"
EndProject
Global
	GlobalSection(SolutionConfigurationPlatforms) = preSolution
		Debug|Any CPU = Debug|Any CPU
		Release|Any CPU = Release|Any CPU
	EndGlobalSection
	GlobalSection(ProjectConfigurationPlatforms) = postSolution
		{FA0B00D1-45AC-44B3-86C6-9C5C6E5F0309}.Debug|Any CPU.ActiveCfg = Debug|Any CPU
		{FA0B00D1-45AC-44B3-86C6-9C5C6E5F0309}.Debug|Any CPU.Build.0 = Debug|Any CPU
		{FA0B00D1-45AC-44B3-86C6-9C5C6E5F0309}.Release|Any CPU.ActiveCfg = Release|Any CPU
		{FA0B00D1-45AC-44B3-86C6-9C5C6E5F0309}.Release|Any CPU.Build.0 = Release|Any CPU
	EndGlobalSection
	GlobalSection(SolutionProperties) = preSolution
		HideSolutionNode = FALSE
	EndGlobalSection
	GlobalSection(ExtensibilityGlobals) = postSolution
		SolutionGuid = {0FD0F8B5-97ED-4A93-93FF-32C6935EBAD3}
	EndGlobalSection
EndGlobal
