
Microsoft Visual Studio Solution File, Format Version 12.00
# Visual Studio Version 16
VisualStudioVersion = 16.0.31025.194
MinimumVisualStudioVersion = 10.0.40219.1
Project("{FAE04EC0-301F-11D3-BF4B-00C04F79EFBC}") = "ex04", "ex04\ex04.csproj", "{0FCC7ECD-EE11-4DF0-B773-DF12B3E0EE25}"
EndProject
Global
	GlobalSection(SolutionConfigurationPlatforms) = preSolution
		Debug|Any CPU = Debug|Any CPU
		Release|Any CPU = Release|Any CPU
	EndGlobalSection
	GlobalSection(ProjectConfigurationPlatforms) = postSolution
		{0FCC7ECD-EE11-4DF0-B773-DF12B3E0EE25}.Debug|Any CPU.ActiveCfg = Debug|Any CPU
		{0FCC7ECD-EE11-4DF0-B773-DF12B3E0EE25}.Debug|Any CPU.Build.0 = Debug|Any CPU
		{0FCC7ECD-EE11-4DF0-B773-DF12B3E0EE25}.Release|Any CPU.ActiveCfg = Release|Any CPU
		{0FCC7ECD-EE11-4DF0-B773-DF12B3E0EE25}.Release|Any CPU.Build.0 = Release|Any CPU
	EndGlobalSection
	GlobalSection(SolutionProperties) = preSolution
		HideSolutionNode = FALSE
	EndGlobalSection
	GlobalSection(ExtensibilityGlobals) = postSolution
		SolutionGuid = {4D61210C-36B1-4CE3-88DB-626C5439F3DE}
	EndGlobalSection
EndGlobal
